github.com/Yawning/chacha20 v0.0.0-20170904085104-e3b1f968fc63/go.mod h1:nf+Komq6fVP4SwmKEaVGxHTyQGKREVlwjQKpvOV39yE=
github.com/aead/chacha20 v0.0.0-20180709150244-8b13a72661da/go.mod h1:eHEWzANqSiWQsof+nXEI9bUVUyV6F53Fp89EuCh2EAA=
github.com/chenset/shadowsocksR-go v0.0.0-20190112092123-91a9ae3e9cb7/go.mod h1:rKO8iPlwjXCzB2i9LsPPZy/uKu1yUvVG82jz4Icc2cA=
github.com/cockroachdb/apd v1.1.0/go.mod h1:8Sl8LxpKi29FqWXR16WEFZRNSz3SoPzUzeMeY4+DwBQ=
github.com/davecgh/go-spew v1.1.1/go.mod h1:J7Y8YcW2NihsgmVo/mv3lAwl/skON4iLHjSsI+c5H38=
github.com/denisenkom/go-mssqldb v0.0.0-20181014144952-4e0d7dc8888f/go.mod h1:xN/JuLBIz4bjkxNmByTiV1IbhfnYb6oo99phBn4Eqhc=
github.com/dgryski/go-camellia v0.0.0-20140412174459-3be6b3054dd1/go.mod h1:QX5ZVULjAfZJux/W62Y91HvCh9hyW6enAwcrrv/sLj0=
github.com/dgryski/go-idea v0.0.0-20170306091226-d2fb45a411fb/go.mod h1:F7WkpqJj9t98ePxB/WJGQTIDeOVPuSJ3qdn6JUjg170=
github.com/dgryski/go-rc2 v0.0.0-20150621095337-8a9021637152/go.mod h1:I9fhc/EvSg88cDxmfQ47v35Ssz9rlFunL/KY0A1JAYI=
github.com/go-redis/redis v6.15.1+incompatible h1:BZ9s4/vHrIqwOb0OPtTQ5uABxETJ3NRuUNoSUurnkew=
github.com/go-redis/redis v6.15.1+incompatible/go.mod h1:NAIEuMOZ/fxfXJIrKDQDz8wamY7mA7PouImQ2Jvg6kA=
github.com/go-sql-driver/mysql v1.4.0/go.mod h1:zAC/RDZ24gD3HViQzih4MyKcchzm+sOG5ZlKdlhCg5w=
github.com/go-sql-driver/mysql v1.4.1 h1:g24URVg0OFbNUTx9qqY1IRZ9D9z3iPyi5zKhQZpNwpA=
github.com/go-sql-driver/mysql v1.4.1/go.mod h1:zAC/RDZ24gD3HViQzih4MyKcchzm+sOG5ZlKdlhCg5w=
github.com/go-xorm/builder v0.3.2 h1:pSsZQRRzJNapKEAEhigw3xLmiLPeAYv5GFlpYZ8+a5I=
github.com/go-xorm/builder v0.3.2/go.mod h1:v8mE3MFBgtL+RGFNfUnAMUqqfk/Y4W5KuwCFQIEpQLk=
github.com/go-xorm/core v0.6.0 h1:tp6hX+ku4OD9khFZS8VGBDRY3kfVCtelPfmkgCyHxL0=
github.com/go-xorm/core v0.6.0/go.mod h1:d8FJ9Br8OGyQl12MCclmYBuBqqxsyeedpXciV5Myih8=
github.com/go-xorm/sqlfiddle v0.0.0-20180821085327-62ce714f951a/go.mod h1:56xuuqnHyryaerycW3BfssRdxQstACi0Epw/yC5E2xM=
github.com/go-xorm/xorm v0.7.1 h1:Kj7mfuqctPdX60zuxP6EoEut0f3E6K66H6hcoxiHUMc=
github.com/go-xorm/xorm v0.7.1/go.mod h1:EHS1htMQFptzMaIHKyzqpHGw6C9Rtug75nsq6DA9unI=
github.com/gorilla/websocket v1.4.0 h1:WDFjx/TMzVgy9VdMMQi2K2Emtwi2QcUQsztZ/zLaH/Q=
github.com/gorilla/websocket v1.4.0/go.mod h1:E7qHFY5m1UJ88s3WnNqhKjPHQ0heANvMoAMk2YaljkQ=
github.com/jackc/fake v0.0.0-20150926172116-812a484cc733/go.mod h1:WrMFNQdiFJ80sQsxDoMokWK1W5TQtxBFNpzWTD84ibQ=
github.com/jackc/pgx v3.2.0+incompatible/go.mod h1:0ZGrqGqkRlliWnWB4zKnWtjbSWbGkVEFm4TeybAXq+I=
github.com/kr/pretty v0.1.0/go.mod h1:dAy3ld7l9f0ibDNOQOHHMYYIIbhfbHSm3C4ZsoJORNo=
github.com/kr/pty v1.1.1/go.mod h1:pFQYn66WHrOpPYNljwOMqo10TkYh1fy3cYio2l3bCsQ=
github.com/kr/text v0.1.0/go.mod h1:4Jbv+DJW3UT/LiOwJeYQe1efqtUx/iVham/4vfdArNI=
github.com/lib/pq v1.0.0/go.mod h1:5WUZQaWbwv1U+lTReE5YruASi9Al49XbQIvNi/34Woo=
github.com/mattn/go-sqlite3 v1.9.0/go.mod h1:FPy6KqzDD04eiIsT53CuJW3U88zkxoIYsOqkbpncsNc=
github.com/pkg/errors v0.8.0/go.mod h1:bwawxfHBFNV+L2hUp1rHADufV3IMtnDRdf1r5NINEl0=
github.com/pmezard/go-difflib v1.0.0/go.mod h1:iKH77koFhYxTK1pcRnkKkqfTogsbg7gZNVY4sRDYZ/4=
github.com/satori/go.uuid v1.2.0/go.mod h1:dA0hQrYB0VpLJoorglMZABFdXlWrHn1NEOzdhQKdks0=
github.com/shadowsocks/go-shadowsocks2 v0.0.11/go.mod h1:R+KWaoIwRRhnpw6XV+dZil0XHi64Hc1D7hXUyXTjUzQ=
github.com/shopspring/decimal v0.0.0-20180709203117-cd690d0c9e24/go.mod h1:M+9NzErvs504Cn4c5DxATwIqPbtswREoFCre64PpcG4=
github.com/spaolacci/murmur3 v0.0.0-20180118202830-f09979ecbc72 h1:qLC7fQah7D6K1B0ujays3HV9gkFtllcxhzImRR7ArPQ=
github.com/spaolacci/murmur3 v0.0.0-20180118202830-f09979ecbc72/go.mod h1:JwIasOWyU6f++ZhiEuf87xNszmSA2myDM2Kzu9HwQUA=
github.com/stretchr/testify v1.2.2/go.mod h1:a8OnRcib4nhh0OaRAV+Yts87kKdq0PP7pXfy6kDkUVs=
github.com/tatsushid/go-fastping v0.0.0-20160109021039-d7bb493dee3e h1:nt2877sKfojlHCTOBXbpWjBkuWKritFaGIfgQwbQUls=
github.com/tatsushid/go-fastping v0.0.0-20160109021039-d7bb493dee3e/go.mod h1:B4+Kq1u5FlULTjFSM707Q6e/cOHFv0z/6QRoxubDIQ8=
github.com/willf/bitset v1.1.9 h1:GBtFynGY9ZWZmEC9sWuu41/7VBXPFCOAbCbqTflOg9c=
github.com/willf/bitset v1.1.9/go.mod h1:RjeCKbqT1RxIR/KWY6phxZiaY1IyutSBfGjNPySAYV4=
github.com/willf/bloom v2.0.3+incompatible h1:QDacWdqcAUI1MPOwIQZRy9kOR7yxfyEmxX8Wdm2/JPA=
github.com/willf/bloom v2.0.3+incompatible/go.mod h1:MmAltL9pDMNTrvUkxdg0k0q5I0suxmuwp3KbyrZLOZ8=
github.com/ziutek/mymysql v1.5.4/go.mod h1:LMSpPZ6DbqWFxNCHW77HeMg9I646SAhApZ/wKdgO/C0=
golang.org/x/crypto v0.0.0-20190211182817-74369b46fc67/go.mod h1:6SG95UA2DQfeDnfUPMdvaQW0Q7yPrPDi9nlGo2tz2b4=
golang.org/x/net v0.0.0-20190213061140-3a22650c66bd h1:HuTn7WObtcDo9uEEU7rEqL0jYthdXAmZ6PP+meazmaU=
golang.org/x/net v0.0.0-20190213061140-3a22650c66bd/go.mod h1:mL1N/T3taQHkDXs73rZJwtUhF3w3ftmwwsq0BUmARs4=
golang.org/x/sys v0.0.0-20190215142949-d0b11bdaac8a/go.mod h1:STP8DvDyc/dI5b8T5hshtkjS+E42TnysNCUPdjciGhY=
gopkg.in/check.v1 v1.0.0-20180628173108-788fd7840127/go.mod h1:Co6ibVJAznAaIkqp8huTwlJQCZ016jof/cbN4VW5Yz0=
gopkg.in/stretchr/testify.v1 v1.2.2/go.mod h1:QI5V/q6UbPmuhtm10CaFZxED9NreB8PnFYN9JcR6TxU=
